
Microsoft Visual Studio Solution File, Format Version 12.00
# Visual Studio 14
VisualStudioVersion = 14.0.25420.1
MinimumVisualStudioVersion = 10.0.40219.1
Project("{FAE04EC0-301F-11D3-BF4B-00C04F79EFBC}") = "WordFontConversion", "WordFontConversion\WordFontConversion.csproj", "{433F2BA6-C9E3-4117-8945-EF6433BAD217}"
EndProject
Project("{54435603-DBB4-11D2-8724-00A0C9A8B90C}") = "WordFontConversionSetup", "WordFontConversionSetup\WordFontConversionSetup.vdproj", "{7015D844-45A0-4253-80B5-E8AF22B1C79B}"
EndProject
Global
	GlobalSection(SolutionConfigurationPlatforms) = preSolution
		Debug|Any CPU = Debug|Any CPU
		Release|Any CPU = Release|Any CPU
	EndGlobalSection
	GlobalSection(ProjectConfigurationPlatforms) = postSolution
		{433F2BA6-C9E3-4117-8945-EF6433BAD217}.Debug|Any CPU.ActiveCfg = Debug|Any CPU
		{433F2BA6-C9E3-4117-8945-EF6433BAD217}.Debug|Any CPU.Build.0 = Debug|Any CPU
		{433F2BA6-C9E3-4117-8945-EF6433BAD217}.Release|Any CPU.ActiveCfg = Release|Any CPU
		{433F2BA6-C9E3-4117-8945-EF6433BAD217}.Release|Any CPU.Build.0 = Release|Any CPU
		{7015D844-45A0-4253-80B5-E8AF22B1C79B}.Debug|Any CPU.ActiveCfg = Debug
		{7015D844-45A0-4253-80B5-E8AF22B1C79B}.Release|Any CPU.ActiveCfg = Release
	EndGlobalSection
	GlobalSection(SolutionProperties) = preSolution
		HideSolutionNode = FALSE
	EndGlobalSection
EndGlobal
